
Microsoft Visual Studio Solution File, Format Version 12.00
# Visual Studio Version 17
VisualStudioVersion = 17.2.32616.157
MinimumVisualStudioVersion = 10.0.40219.1
Project("{FAE04EC0-301F-11D3-BF4B-00C04F79EFBC}") = "Aula 3-19", "Aula 3-19\Aula 3-19.csproj", "{040BD2DA-D548-442B-BA05-DB80448784DE}"
EndProject
Global
	GlobalSection(SolutionConfigurationPlatforms) = preSolution
		Debug|Any CPU = Debug|Any CPU
		Release|Any CPU = Release|Any CPU
	EndGlobalSection
	GlobalSection(ProjectConfigurationPlatforms) = postSolution
		{040BD2DA-D548-442B-BA05-DB80448784DE}.Debug|Any CPU.ActiveCfg = Debug|Any CPU
		{040BD2DA-D548-442B-BA05-DB80448784DE}.Debug|Any CPU.Build.0 = Debug|Any CPU
		{040BD2DA-D548-442B-BA05-DB80448784DE}.Release|Any CPU.ActiveCfg = Release|Any CPU
		{040BD2DA-D548-442B-BA05-DB80448784DE}.Release|Any CPU.Build.0 = Release|Any CPU
	EndGlobalSection
	GlobalSection(SolutionProperties) = preSolution
		HideSolutionNode = FALSE
	EndGlobalSection
	GlobalSection(ExtensibilityGlobals) = postSolution
		SolutionGuid = {A8764108-6E83-410A-AEAE-0A8B9753FF03}
	EndGlobalSection
EndGlobal
