
Microsoft Visual Studio Solution File, Format Version 12.00
# Visual Studio Version 17
VisualStudioVersion = 17.2.32616.157
MinimumVisualStudioVersion = 10.0.40219.1
Project("{FAE04EC0-301F-11D3-BF4B-00C04F79EFBC}") = "Exercícios Propostos 3-24 (2)", "Exercícios Propostos 3-24 (2)\Exercícios Propostos 3-24 (2).csproj", "{57E80B05-D7D8-484E-8917-96804B662E03}"
EndProject
Global
	GlobalSection(SolutionConfigurationPlatforms) = preSolution
		Debug|Any CPU = Debug|Any CPU
		Release|Any CPU = Release|Any CPU
	EndGlobalSection
	GlobalSection(ProjectConfigurationPlatforms) = postSolution
		{57E80B05-D7D8-484E-8917-96804B662E03}.Debug|Any CPU.ActiveCfg = Debug|Any CPU
		{57E80B05-D7D8-484E-8917-96804B662E03}.Debug|Any CPU.Build.0 = Debug|Any CPU
		{57E80B05-D7D8-484E-8917-96804B662E03}.Release|Any CPU.ActiveCfg = Release|Any CPU
		{57E80B05-D7D8-484E-8917-96804B662E03}.Release|Any CPU.Build.0 = Release|Any CPU
	EndGlobalSection
	GlobalSection(SolutionProperties) = preSolution
		HideSolutionNode = FALSE
	EndGlobalSection
	GlobalSection(ExtensibilityGlobals) = postSolution
		SolutionGuid = {76F3E569-B622-4632-906B-B9366A9346AB}
	EndGlobalSection
EndGlobal
