
Microsoft Visual Studio Solution File, Format Version 12.00
# Visual Studio Version 17
VisualStudioVersion = 17.2.32616.157
MinimumVisualStudioVersion = 10.0.40219.1
Project("{FAE04EC0-301F-11D3-BF4B-00C04F79EFBC}") = "Aula 3-23", "Aula 3-23\Aula 3-23.csproj", "{429C0039-5F54-4409-810B-2A7C214CA78C}"
EndProject
Global
	GlobalSection(SolutionConfigurationPlatforms) = preSolution
		Debug|Any CPU = Debug|Any CPU
		Release|Any CPU = Release|Any CPU
	EndGlobalSection
	GlobalSection(ProjectConfigurationPlatforms) = postSolution
		{429C0039-5F54-4409-810B-2A7C214CA78C}.Debug|Any CPU.ActiveCfg = Debug|Any CPU
		{429C0039-5F54-4409-810B-2A7C214CA78C}.Debug|Any CPU.Build.0 = Debug|Any CPU
		{429C0039-5F54-4409-810B-2A7C214CA78C}.Release|Any CPU.ActiveCfg = Release|Any CPU
		{429C0039-5F54-4409-810B-2A7C214CA78C}.Release|Any CPU.Build.0 = Release|Any CPU
	EndGlobalSection
	GlobalSection(SolutionProperties) = preSolution
		HideSolutionNode = FALSE
	EndGlobalSection
	GlobalSection(ExtensibilityGlobals) = postSolution
		SolutionGuid = {DB36B45C-1A91-4F2F-B769-4190391FAFB1}
	EndGlobalSection
EndGlobal
